
Microsoft Visual Studio Solution File, Format Version 12.00
# Visual Studio Version 16
VisualStudioVersion = 16.0.29201.188
MinimumVisualStudioVersion = 10.0.40219.1
Project("{9A19103F-16F7-4668-BE54-9A1E7A4F7556}") = "MilitaryUnit", "MilitaryUnit.csproj", "{1193A3B8-35A0-48A0-BC5A-5B36F45C2816}"
EndProject
Global
	GlobalSection(SolutionConfigurationPlatforms) = preSolution
		Debug|Any CPU = Debug|Any CPU
		Release|Any CPU = Release|Any CPU
	EndGlobalSection
	GlobalSection(ProjectConfigurationPlatforms) = postSolution
		{1193A3B8-35A0-48A0-BC5A-5B36F45C2816}.Debug|Any CPU.ActiveCfg = Debug|Any CPU
		{1193A3B8-35A0-48A0-BC5A-5B36F45C2816}.Debug|Any CPU.Build.0 = Debug|Any CPU
		{1193A3B8-35A0-48A0-BC5A-5B36F45C2816}.Release|Any CPU.ActiveCfg = Release|Any CPU
		{1193A3B8-35A0-48A0-BC5A-5B36F45C2816}.Release|Any CPU.Build.0 = Release|Any CPU
	EndGlobalSection
	GlobalSection(SolutionProperties) = preSolution
		HideSolutionNode = FALSE
	EndGlobalSection
	GlobalSection(ExtensibilityGlobals) = postSolution
		SolutionGuid = {DAA8C5D7-DD7A-44F0-8725-562CBE1A0805}
	EndGlobalSection
EndGlobal
